PODS:
  - AKSegmentedControl (1.0.4)
  - BButton (4.0.0)
  - DAKeyboardControl (2.3.1)
  - GCPlaceholderTextView (0.0.1)
  - GHUnit (0.5.8)
  - HPGrowingTextView (0.0.1)
  - MBProgressHUD (0.8)
  - NavigationMenu (0.0.1)
  - OCMock (2.2.4)
  - SDWebImage (3.6):
    - SDWebImage/Core
  - SDWebImage/Core (3.6)
  - UIBubbleTableView (0.2)
  - UIColor+MLPFlatColors (1.0)

DEPENDENCIES:
  - AKSegmentedControl
  - BButton (from `./PodsSpecs/BButton.podspec`)
  - DAKeyboardControl
  - GCPlaceholderTextView (from `./PodsSpecs/GCPlaceholderTextView.podspec`)
  - GHUnit (= 0.5.8)
  - HPGrowingTextView (from `./PodsSpecs/HPGrowingTextView.podspec`)
  - MBProgressHUD (~> 0.8)
  - NavigationMenu (from `./PodsSpecs/NavigationMenu.podspec`)
  - OCMock
  - SDWebImage
  - UIBubbleTableView
  - UIColor+MLPFlatColors (~> 1.0)

EXTERNAL SOURCES:
  BButton:
    :podspec: ./PodsSpecs/BButton.podspec
  GCPlaceholderTextView:
    :podspec: ./PodsSpecs/GCPlaceholderTextView.podspec
  HPGrowingTextView:
    :podspec: ./PodsSpecs/HPGrowingTextView.podspec
  NavigationMenu:
    :podspec: ./PodsSpecs/NavigationMenu.podspec

SPEC CHECKSUMS:
  AKSegmentedControl: 8e57e55506f9f851f1f669ac537a3a9d7c681108
  BButton: 654b1eba5f1e4f505d6e4e4d14ac7ef5b98ac3a3
  DAKeyboardControl: b17935d41242e094f96ec22696405c620ffb088b
  GCPlaceholderTextView: d69f96e355d6b133e0dc8ae98b8c473c3bf75bce
  GHUnit: 980b787567c498b587529dad43c5020f1ea310e2
  HPGrowingTextView: 324c45ddc0f2fd403154608162787536afe5a7b3
  MBProgressHUD: c356980b0cd097f19acec959b49dca5eb8ec31be
  NavigationMenu: a70e6906296cda2620969069f839cf9d31740cd0
  OCMock: 6db79185520e24f9f299548f2b8b07e41d881bd5
  SDWebImage: c6989652c1cdf27cbdf3f56957e2030f825af5bc
  UIBubbleTableView: 66dc0d3e696597ecbe61d6f47960bd2133d177e1
  UIColor+MLPFlatColors: d74d0e59ba8eb8960c0f8136928056d91e208585

COCOAPODS: 0.33.1
