// !$*UTF8*$!
{
	archiveVersion = 1;
	classes = {
	};
	objectVersion = 46;
	objects = {

/* Begin PBXBuildFile section */
		1350EA6B1B99B7DE00516184 /* UIImageView+FRUtils.m in Sources */ = {isa = PBXBuildFile; fileRef = 1350EA6A1B99B7DE00516184 /* UIImageView+FRUtils.m */; };
		1350EA6F1B99C11700516184 /* UIButton+FRUtils.m in Sources */ = {isa = PBXBuildFile; fileRef = 1350EA6E1B99C11700516184 /* UIButton+FRUtils.m */; };
		1C38B6477425E0A0F4C02215 /* libPods-Firerage.a in Frameworks */ = {isa = PBXBuildFile; fileRef = 3DBFCB769672F7D25DAA9096 /* libPods-Firerage.a */; };
		3266ED161B9547AD00C8D8E3 /* main.m in Sources */ = {isa = PBXBuildFile; fileRef = 3266ED151B9547AD00C8D8E3 /* main.m */; };
		3266ED191B9547AD00C8D8E3 /* AppDelegate.m in Sources */ = {isa = PBXBuildFile; fileRef = 3266ED181B9547AD00C8D8E3 /* AppDelegate.m */; };
		3266ED1F1B9547AD00C8D8E3 /* Main.storyboard in Resources */ = {isa = PBXBuildFile; fileRef = 3266ED1D1B9547AD00C8D8E3 /* Main.storyboard */; };
		3266ED211B9547AD00C8D8E3 /* Images.xcassets in Resources */ = {isa = PBXBuildFile; fileRef = 3266ED201B9547AD00C8D8E3 /* Images.xcassets */; };
		3266ED241B9547AD00C8D8E3 /* LaunchScreen.xib in Resources */ = {isa = PBXBuildFile; fileRef = 3266ED221B9547AD00C8D8E3 /* LaunchScreen.xib */; };
		3266ED301B9547AD00C8D8E3 /* FirerageTests.m in Sources */ = {isa = PBXBuildFile; fileRef = 3266ED2F1B9547AD00C8D8E3 /* FirerageTests.m */; };
		3266EDAF1B9549C700C8D8E3 /* FRBootstrapButtonDemoViewController.m in Sources */ = {isa = PBXBuildFile; fileRef = 3266ED3B1B9549C700C8D8E3 /* FRBootstrapButtonDemoViewController.m */; };
		3266EDB01B9549C700C8D8E3 /* FRChatViewControllerDemoViewController.m in Sources */ = {isa = PBXBuildFile; fileRef = 3266ED3D1B9549C700C8D8E3 /* FRChatViewControllerDemoViewController.m */; };
		3266EDB11B9549C700C8D8E3 /* FRFRBannerViewDemoViewController.m in Sources */ = {isa = PBXBuildFile; fileRef = 3266ED3F1B9549C700C8D8E3 /* FRFRBannerViewDemoViewController.m */; };
		3266EDB31B9549C700C8D8E3 /* FRGridViewDemoViewController.m in Sources */ = {isa = PBXBuildFile; fileRef = 3266ED431B9549C700C8D8E3 /* FRGridViewDemoViewController.m */; };
		3266EDB41B9549C700C8D8E3 /* FRNavigationMenuDemoViewController.m in Sources */ = {isa = PBXBuildFile; fileRef = 3266ED451B9549C700C8D8E3 /* FRNavigationMenuDemoViewController.m */; };
		3266EDB51B9549C700C8D8E3 /* FRUser.m in Sources */ = {isa = PBXBuildFile; fileRef = 3266ED471B9549C700C8D8E3 /* FRUser.m */; };
		3266EDB61B9549C700C8D8E3 /* FRBannerItem.m in Sources */ = {isa = PBXBuildFile; fileRef = 3266ED4A1B9549C700C8D8E3 /* FRBannerItem.m */; };
		3266EDB71B9549C700C8D8E3 /* FRBannerView.m in Sources */ = {isa = PBXBuildFile; fileRef = 3266ED4C1B9549C700C8D8E3 /* FRBannerView.m */; };
		3266EDB81B9549C700C8D8E3 /* FRCameraUtils.m in Sources */ = {isa = PBXBuildFile; fileRef = 3266ED4F1B9549C700C8D8E3 /* FRCameraUtils.m */; };
		3266EDB91B9549C700C8D8E3 /* UIActionSheet+FRUtils.m in Sources */ = {isa = PBXBuildFile; fileRef = 3266ED531B9549C700C8D8E3 /* UIActionSheet+FRUtils.m */; };
		3266EDBA1B9549C700C8D8E3 /* UIAlertView+FRUtils.m in Sources */ = {isa = PBXBuildFile; fileRef = 3266ED561B9549C700C8D8E3 /* UIAlertView+FRUtils.m */; };
		3266EDBB1B9549C700C8D8E3 /* NSArray+FRUtils.m in Sources */ = {isa = PBXBuildFile; fileRef = 3266ED591B9549C700C8D8E3 /* NSArray+FRUtils.m */; };
		3266EDBC1B9549C700C8D8E3 /* UIColor+FRUtils.m in Sources */ = {isa = PBXBuildFile; fileRef = 3266ED5C1B9549C700C8D8E3 /* UIColor+FRUtils.m */; };
		3266EDBD1B9549C700C8D8E3 /* UIControl+FRUtils.m in Sources */ = {isa = PBXBuildFile; fileRef = 3266ED5F1B9549C700C8D8E3 /* UIControl+FRUtils.m */; };
		3266EDBE1B9549C700C8D8E3 /* NSDate+FRUtils.m in Sources */ = {isa = PBXBuildFile; fileRef = 3266ED621B9549C700C8D8E3 /* NSDate+FRUtils.m */; };
		3266EDBF1B9549C700C8D8E3 /* NSNull+FRUtils.m in Sources */ = {isa = PBXBuildFile; fileRef = 3266ED651B9549C700C8D8E3 /* NSNull+FRUtils.m */; };
		3266EDC01B9549C700C8D8E3 /* UIImage+FRColor.m in Sources */ = {isa = PBXBuildFile; fileRef = 3266ED681B9549C700C8D8E3 /* UIImage+FRColor.m */; };
		3266EDC11B9549C700C8D8E3 /* UIImage+FRCrop.m in Sources */ = {isa = PBXBuildFile; fileRef = 3266ED6A1B9549C700C8D8E3 /* UIImage+FRCrop.m */; };
		3266EDC21B9549C700C8D8E3 /* UIImage+FRTint.m in Sources */ = {isa = PBXBuildFile; fileRef = 3266ED6C1B9549C700C8D8E3 /* UIImage+FRTint.m */; };
		3266EDC41B9549C700C8D8E3 /* UILabel+FRUtils.m in Sources */ = {isa = PBXBuildFile; fileRef = 3266ED721B9549C700C8D8E3 /* UILabel+FRUtils.m */; };
		3266EDC51B9549C700C8D8E3 /* NSObject+FRBlock.m in Sources */ = {isa = PBXBuildFile; fileRef = 3266ED751B9549C700C8D8E3 /* NSObject+FRBlock.m */; };
		3266EDC61B9549C700C8D8E3 /* NSString+FRAttributedString.m in Sources */ = {isa = PBXBuildFile; fileRef = 3266ED781B9549C700C8D8E3 /* NSString+FRAttributedString.m */; };
		3266EDC71B9549C700C8D8E3 /* NSString+FRSize.m in Sources */ = {isa = PBXBuildFile; fileRef = 3266ED7A1B9549C700C8D8E3 /* NSString+FRSize.m */; };
		3266EDC81B9549C700C8D8E3 /* NSString+Utils.m in Sources */ = {isa = PBXBuildFile; fileRef = 3266ED7C1B9549C700C8D8E3 /* NSString+Utils.m */; };
		3266EDC91B9549C700C8D8E3 /* UIView+FRImage.m in Sources */ = {isa = PBXBuildFile; fileRef = 3266ED7F1B9549C700C8D8E3 /* UIView+FRImage.m */; };
		3266EDCA1B9549C700C8D8E3 /* UIView+FRLayout.m in Sources */ = {isa = PBXBuildFile; fileRef = 3266ED811B9549C700C8D8E3 /* UIView+FRLayout.m */; };
		3266EDCB1B9549C700C8D8E3 /* UIView+FRProgressHUD.m in Sources */ = {isa = PBXBuildFile; fileRef = 3266ED831B9549C700C8D8E3 /* UIView+FRProgressHUD.m */; };
		3266EDCC1B9549C700C8D8E3 /* UIView+FRTouchBlock.m in Sources */ = {isa = PBXBuildFile; fileRef = 3266ED851B9549C700C8D8E3 /* UIView+FRTouchBlock.m */; };
		3266EDCD1B9549C700C8D8E3 /* UIViewController+FRCustomNavigationBarItem.m in Sources */ = {isa = PBXBuildFile; fileRef = 3266ED881B9549C700C8D8E3 /* UIViewController+FRCustomNavigationBarItem.m */; };
		3266EDCE1B9549C700C8D8E3 /* UIViewController+FRProgressHUD.m in Sources */ = {isa = PBXBuildFile; fileRef = 3266ED8A1B9549C700C8D8E3 /* UIViewController+FRProgressHUD.m */; };
		3266EDCF1B9549C700C8D8E3 /* FRDemoTableViewController.m in Sources */ = {isa = PBXBuildFile; fileRef = 3266ED8C1B9549C700C8D8E3 /* FRDemoTableViewController.m */; };
		3266EDD01B9549C700C8D8E3 /* FRDevice.m in Sources */ = {isa = PBXBuildFile; fileRef = 3266ED8F1B9549C700C8D8E3 /* FRDevice.m */; };
		3266EDD11B9549C700C8D8E3 /* FRFlatSegmentedControl.m in Sources */ = {isa = PBXBuildFile; fileRef = 3266ED921B9549C700C8D8E3 /* FRFlatSegmentedControl.m */; };
		3266EDD21B9549C700C8D8E3 /* FRGridItemIndexPath.m in Sources */ = {isa = PBXBuildFile; fileRef = 3266ED951B9549C700C8D8E3 /* FRGridItemIndexPath.m */; };
		3266EDD31B9549C700C8D8E3 /* FRGridView.m in Sources */ = {isa = PBXBuildFile; fileRef = 3266ED971B9549C700C8D8E3 /* FRGridView.m */; };
		3266EDD41B9549C700C8D8E3 /* FRGridViewItem.m in Sources */ = {isa = PBXBuildFile; fileRef = 3266ED991B9549C700C8D8E3 /* FRGridViewItem.m */; };
		3266EDD51B9549C700C8D8E3 /* FRFileCache.m in Sources */ = {isa = PBXBuildFile; fileRef = 3266ED9C1B9549C700C8D8E3 /* FRFileCache.m */; };
		3266EDD61B9549C700C8D8E3 /* FRFileManager.m in Sources */ = {isa = PBXBuildFile; fileRef = 3266ED9E1B9549C700C8D8E3 /* FRFileManager.m */; };
		3266EDD71B9549C700C8D8E3 /* FRPersistenceUtils.m in Sources */ = {isa = PBXBuildFile; fileRef = 3266EDA01B9549C700C8D8E3 /* FRPersistenceUtils.m */; };
		3266EDD81B9549C700C8D8E3 /* FRChatCacheManager.m in Sources */ = {isa = PBXBuildFile; fileRef = 3266EDA31B9549C700C8D8E3 /* FRChatCacheManager.m */; };
		3266EDD91B9549C700C8D8E3 /* FRChatViewController.m in Sources */ = {isa = PBXBuildFile; fileRef = 3266EDA51B9549C700C8D8E3 /* FRChatViewController.m */; };
		3266EDDA1B9549C700C8D8E3 /* FRSendMessageViewController.m in Sources */ = {isa = PBXBuildFile; fileRef = 3266EDA71B9549C700C8D8E3 /* FRSendMessageViewController.m */; };
		3266EDDB1B9549C700C8D8E3 /* SendTextViewBkg@2x.png in Resources */ = {isa = PBXBuildFile; fileRef = 3266EDA91B9549C700C8D8E3 /* SendTextViewBkg@2x.png */; };
		3266EDDC1B9549C700C8D8E3 /* FRTextFieldTableViewCell.m in Sources */ = {isa = PBXBuildFile; fileRef = 3266EDAC1B9549C700C8D8E3 /* FRTextFieldTableViewCell.m */; };
		3266EDDD1B9549C700C8D8E3 /* FRTextViewTableViewCell.m in Sources */ = {isa = PBXBuildFile; fileRef = 3266EDAE1B9549C700C8D8E3 /* FRTextViewTableViewCell.m */; };
		3266EDF61B954E6F00C8D8E3 /* Reachability.m in Sources */ = {isa = PBXBuildFile; fileRef = 3266EDF51B954E6F00C8D8E3 /* Reachability.m */; settings = {COMPILER_FLAGS = "-fno-objc-arc"; }; };
		3266EDFF1B95549A00C8D8E3 /* FRHttpHostUtils.m in Sources */ = {isa = PBXBuildFile; fileRef = 3266EDFB1B95549A00C8D8E3 /* FRHttpHostUtils.m */; };
		3266EE001B95549A00C8D8E3 /* FRHttpRequestUtils.m in Sources */ = {isa = PBXBuildFile; fileRef = 3266EDFD1B95549A00C8D8E3 /* FRHttpRequestUtils.m */; };
/* End PBXBuildFile section */

/* Begin PBXContainerItemProxy section */
		3266ED2A1B9547AD00C8D8E3 /* PBXContainerItemProxy */ = {
			isa = PBXContainerItemProxy;
			containerPortal = 3266ED081B9547AD00C8D8E3 /* Project object */;
			proxyType = 1;
			remoteGlobalIDString = 3266ED0F1B9547AD00C8D8E3;
			remoteInfo = Firerage;
		};
/* End PBXContainerItemProxy section */

/* Begin PBXFileReference section */
		1350EA691B99B7DE00516184 /* UIImageView+FRUtils.h */ = {isa = PBXFileReference; fileEncoding = 4; lastKnownFileType = sourcecode.c.h; path = "UIImageView+FRUtils.h"; sourceTree = "<group>"; };
		1350EA6A1B99B7DE00516184 /* UIImageView+FRUtils.m */ = {isa = PBXFileReference; fileEncoding = 4; lastKnownFileType = sourcecode.c.objc; path = "UIImageView+FRUtils.m"; sourceTree = "<group>"; };
		1350EA6D1B99C11700516184 /* UIButton+FRUtils.h */ = {isa = PBXFileReference; fileEncoding = 4; lastKnownFileType = sourcecode.c.h; path = "UIButton+FRUtils.h"; sourceTree = "<group>"; };
		1350EA6E1B99C11700516184 /* UIButton+FRUtils.m */ = {isa = PBXFileReference; fileEncoding = 4; lastKnownFileType = sourcecode.c.objc; path = "UIButton+FRUtils.m"; sourceTree = "<group>"; };
		20891822A3CF209504405330 /* Pods-Firerage.release.xcconfig */ = {isa = PBXFileReference; includeInIndex = 1; lastKnownFileType = text.xcconfig; name = "Pods-Firerage.release.xcconfig"; path = "Pods/Target Support Files/Pods-Firerage/Pods-Firerage.release.xcconfig"; sourceTree = "<group>"; };
		3266ED101B9547AD00C8D8E3 /* Firerage.app */ = {isa = PBXFileReference; explicitFileType = wrapper.application; includeInIndex = 0; path = Firerage.app; sourceTree = BUILT_PRODUCTS_DIR; };
		3266ED141B9547AD00C8D8E3 /* Info.plist */ = {isa = PBXFileReference; lastKnownFileType = text.plist.xml; path = Info.plist; sourceTree = "<group>"; };
		3266ED151B9547AD00C8D8E3 /* main.m */ = {isa = PBXFileReference; lastKnownFileType = sourcecode.c.objc; path = main.m; sourceTree = "<group>"; };
		3266ED171B9547AD00C8D8E3 /* AppDelegate.h */ = {isa = PBXFileReference; lastKnownFileType = sourcecode.c.h; path = AppDelegate.h; sourceTree = "<group>"; };
		3266ED181B9547AD00C8D8E3 /* AppDelegate.m */ = {isa = PBXFileReference; lastKnownFileType = sourcecode.c.objc; path = AppDelegate.m; sourceTree = "<group>"; };
		3266ED1E1B9547AD00C8D8E3 /* Base */ = {isa = PBXFileReference; lastKnownFileType = file.storyboard; name = Base; path = Base.lproj/Main.storyboard; sourceTree = "<group>"; };
		3266ED201B9547AD00C8D8E3 /* Images.xcassets */ = {isa = PBXFileReference; lastKnownFileType = folder.assetcatalog; path = Images.xcassets; sourceTree = "<group>"; };
		3266ED231B9547AD00C8D8E3 /* Base */ = {isa = PBXFileReference; lastKnownFileType = file.xib; name = Base; path = Base.lproj/LaunchScreen.xib; sourceTree = "<group>"; };
		3266ED291B9547AD00C8D8E3 /* FirerageTests.xctest */ = {isa = PBXFileReference; explicitFileType = wrapper.cfbundle; includeInIndex = 0; path = FirerageTests.xctest; sourceTree = BUILT_PRODUCTS_DIR; };
		3266ED2E1B9547AD00C8D8E3 /* Info.plist */ = {isa = PBXFileReference; lastKnownFileType = text.plist.xml; path = Info.plist; sourceTree = "<group>"; };
		3266ED2F1B9547AD00C8D8E3 /* FirerageTests.m */ = {isa = PBXFileReference; lastKnownFileType = sourcecode.c.objc; path = FirerageTests.m; sourceTree = "<group>"; };
		3266ED3A1B9549C700C8D8E3 /* FRBootstrapButtonDemoViewController.h */ = {isa = PBXFileReference; fileEncoding = 4; lastKnownFileType = sourcecode.c.h; path = FRBootstrapButtonDemoViewController.h; sourceTree = "<group>"; };
		3266ED3B1B9549C700C8D8E3 /* FRBootstrapButtonDemoViewController.m */ = {isa = PBXFileReference; fileEncoding = 4; lastKnownFileType = sourcecode.c.objc; path = FRBootstrapButtonDemoViewController.m; sourceTree = "<group>"; };
		3266ED3C1B9549C700C8D8E3 /* FRChatViewControllerDemoViewController.h */ = {isa = PBXFileReference; fileEncoding = 4; lastKnownFileType = sourcecode.c.h; path = FRChatViewControllerDemoViewController.h; sourceTree = "<group>"; };
		3266ED3D1B9549C700C8D8E3 /* FRChatViewControllerDemoViewController.m */ = {isa = PBXFileReference; fileEncoding = 4; lastKnownFileType = sourcecode.c.objc; path = FRChatViewControllerDemoViewController.m; sourceTree = "<group>"; };
		3266ED3E1B9549C700C8D8E3 /* FRFRBannerViewDemoViewController.h */ = {isa = PBXFileReference; fileEncoding = 4; lastKnownFileType = sourcecode.c.h; path = FRFRBannerViewDemoViewController.h; sourceTree = "<group>"; };
		3266ED3F1B9549C700C8D8E3 /* FRFRBannerViewDemoViewController.m */ = {isa = PBXFileReference; fileEncoding = 4; lastKnownFileType = sourcecode.c.objc; path = FRFRBannerViewDemoViewController.m; sourceTree = "<group>"; };
		3266ED421B9549C700C8D8E3 /* FRGridViewDemoViewController.h */ = {isa = PBXFileReference; fileEncoding = 4; lastKnownFileType = sourcecode.c.h; path = FRGridViewDemoViewController.h; sourceTree = "<group>"; };
		3266ED431B9549C700C8D8E3 /* FRGridViewDemoViewController.m */ = {isa = PBXFileReference; fileEncoding = 4; lastKnownFileType = sourcecode.c.objc; path = FRGridViewDemoViewController.m; sourceTree = "<group>"; };
		3266ED441B9549C700C8D8E3 /* FRNavigationMenuDemoViewController.h */ = {isa = PBXFileReference; fileEncoding = 4; lastKnownFileType = sourcecode.c.h; path = FRNavigationMenuDemoViewController.h; sourceTree = "<group>"; };
		3266ED451B9549C700C8D8E3 /* FRNavigationMenuDemoViewController.m */ = {isa = PBXFileReference; fileEncoding = 4; lastKnownFileType = sourcecode.c.objc; path = FRNavigationMenuDemoViewController.m; sourceTree = "<group>"; };
		3266ED461B9549C700C8D8E3 /* FRUser.h */ = {isa = PBXFileReference; fileEncoding = 4; lastKnownFileType = sourcecode.c.h; path = FRUser.h; sourceTree = "<group>"; };
		3266ED471B9549C700C8D8E3 /* FRUser.m */ = {isa = PBXFileReference; fileEncoding = 4; lastKnownFileType = sourcecode.c.objc; path = FRUser.m; sourceTree = "<group>"; };
		3266ED491B9549C700C8D8E3 /* FRBannerItem.h */ = {isa = PBXFileReference; fileEncoding = 4; lastKnownFileType = sourcecode.c.h; path = FRBannerItem.h; sourceTree = "<group>"; };
		3266ED4A1B9549C700C8D8E3 /* FRBannerItem.m */ = {isa = PBXFileReference; fileEncoding = 4; lastKnownFileType = sourcecode.c.objc; path = FRBannerItem.m; sourceTree = "<group>"; };
		3266ED4B1B9549C700C8D8E3 /* FRBannerView.h */ = {isa = PBXFileReference; fileEncoding = 4; lastKnownFileType = sourcecode.c.h; path = FRBannerView.h; sourceTree = "<group>"; };
		3266ED4C1B9549C700C8D8E3 /* FRBannerView.m */ = {isa = PBXFileReference; fileEncoding = 4; lastKnownFileType = sourcecode.c.objc; path = FRBannerView.m; sourceTree = "<group>"; };
		3266ED4E1B9549C700C8D8E3 /* FRCameraUtils.h */ = {isa = PBXFileReference; fileEncoding = 4; lastKnownFileType = sourcecode.c.h; path = FRCameraUtils.h; sourceTree = "<group>"; };
		3266ED4F1B9549C700C8D8E3 /* FRCameraUtils.m */ = {isa = PBXFileReference; fileEncoding = 4; lastKnownFileType = sourcecode.c.objc; path = FRCameraUtils.m; sourceTree = "<group>"; };
		3266ED521B9549C700C8D8E3 /* UIActionSheet+FRUtils.h */ = {isa = PBXFileReference; fileEncoding = 4; lastKnownFileType = sourcecode.c.h; path = "UIActionSheet+FRUtils.h"; sourceTree = "<group>"; };
		3266ED531B9549C700C8D8E3 /* UIActionSheet+FRUtils.m */ = {isa = PBXFileReference; fileEncoding = 4; lastKnownFileType = sourcecode.c.objc; path = "UIActionSheet+FRUtils.m"; sourceTree = "<group>"; };
		3266ED551B9549C700C8D8E3 /* UIAlertView+FRUtils.h */ = {isa = PBXFileReference; fileEncoding = 4; lastKnownFileType = sourcecode.c.h; path = "UIAlertView+FRUtils.h"; sourceTree = "<group>"; };
		3266ED561B9549C700C8D8E3 /* UIAlertView+FRUtils.m */ = {isa = PBXFileReference; fileEncoding = 4; lastKnownFileType = sourcecode.c.objc; path = "UIAlertView+FRUtils.m"; sourceTree = "<group>"; };
		3266ED581B9549C700C8D8E3 /* NSArray+FRUtils.h */ = {isa = PBXFileReference; fileEncoding = 4; lastKnownFileType = sourcecode.c.h; path = "NSArray+FRUtils.h"; sourceTree = "<group>"; };
		3266ED591B9549C700C8D8E3 /* NSArray+FRUtils.m */ = {isa = PBXFileReference; fileEncoding = 4; lastKnownFileType = sourcecode.c.objc; path = "NSArray+FRUtils.m"; sourceTree = "<group>"; };
		3266ED5B1B9549C700C8D8E3 /* UIColor+FRUtils.h */ = {isa = PBXFileReference; fileEncoding = 4; lastKnownFileType = sourcecode.c.h; path = "UIColor+FRUtils.h"; sourceTree = "<group>"; };
		3266ED5C1B9549C700C8D8E3 /* UIColor+FRUtils.m */ = {isa = PBXFileReference; fileEncoding = 4; lastKnownFileType = sourcecode.c.objc; path = "UIColor+FRUtils.m"; sourceTree = "<group>"; };
		3266ED5E1B9549C700C8D8E3 /* UIControl+FRUtils.h */ = {isa = PBXFileReference; fileEncoding = 4; lastKnownFileType = sourcecode.c.h; path = "UIControl+FRUtils.h"; sourceTree = "<group>"; };
		3266ED5F1B9549C700C8D8E3 /* UIControl+FRUtils.m */ = {isa = PBXFileReference; fileEncoding = 4; lastKnownFileType = sourcecode.c.objc; path = "UIControl+FRUtils.m"; sourceTree = "<group>"; };
		3266ED611B9549C700C8D8E3 /* NSDate+FRUtils.h */ = {isa = PBXFileReference; fileEncoding = 4; lastKnownFileType = sourcecode.c.h; path = "NSDate+FRUtils.h"; sourceTree = "<group>"; };
		3266ED621B9549C700C8D8E3 /* NSDate+FRUtils.m */ = {isa = PBXFileReference; fileEncoding = 4; lastKnownFileType = sourcecode.c.objc; path = "NSDate+FRUtils.m"; sourceTree = "<group>"; };
		3266ED641B9549C700C8D8E3 /* NSNull+FRUtils.h */ = {isa = PBXFileReference; fileEncoding = 4; lastKnownFileType = sourcecode.c.h; path = "NSNull+FRUtils.h"; sourceTree = "<group>"; };
		3266ED651B9549C700C8D8E3 /* NSNull+FRUtils.m */ = {isa = PBXFileReference; fileEncoding = 4; lastKnownFileType = sourcecode.c.objc; path = "NSNull+FRUtils.m"; sourceTree = "<group>"; };
		3266ED671B9549C700C8D8E3 /* UIImage+FRColor.h */ = {isa = PBXFileReference; fileEncoding = 4; lastKnownFileType = sourcecode.c.h; path = "UIImage+FRColor.h"; sourceTree = "<group>"; };
		3266ED681B9549C700C8D8E3 /* UIImage+FRColor.m */ = {isa = PBXFileReference; fileEncoding = 4; lastKnownFileType = sourcecode.c.objc; path = "UIImage+FRColor.m"; sourceTree = "<group>"; };
		3266ED691B9549C700C8D8E3 /* UIImage+FRCrop.h */ = {isa = PBXFileReference; fileEncoding = 4; lastKnownFileType = sourcecode.c.h; path = "UIImage+FRCrop.h"; sourceTree = "<group>"; };
		3266ED6A1B9549C700C8D8E3 /* UIImage+FRCrop.m */ = {isa = PBXFileReference; fileEncoding = 4; lastKnownFileType = sourcecode.c.objc; path = "UIImage+FRCrop.m"; sourceTree = "<group>"; };
		3266ED6B1B9549C700C8D8E3 /* UIImage+FRTint.h */ = {isa = PBXFileReference; fileEncoding = 4; lastKnownFileType = sourcecode.c.h; path = "UIImage+FRTint.h"; sourceTree = "<group>"; };
		3266ED6C1B9549C700C8D8E3 /* UIImage+FRTint.m */ = {isa = PBXFileReference; fileEncoding = 4; lastKnownFileType = sourcecode.c.objc; path = "UIImage+FRTint.m"; sourceTree = "<group>"; };
		3266ED711B9549C700C8D8E3 /* UILabel+FRUtils.h */ = {isa = PBXFileReference; fileEncoding = 4; lastKnownFileType = sourcecode.c.h; path = "UILabel+FRUtils.h"; sourceTree = "<group>"; };
		3266ED721B9549C700C8D8E3 /* UILabel+FRUtils.m */ = {isa = PBXFileReference; fileEncoding = 4; lastKnownFileType = sourcecode.c.objc; path = "UILabel+FRUtils.m"; sourceTree = "<group>"; };
		3266ED741B9549C700C8D8E3 /* NSObject+FRBlock.h */ = {isa = PBXFileReference; fileEncoding = 4; lastKnownFileType = sourcecode.c.h; path = "NSObject+FRBlock.h"; sourceTree = "<group>"; };
		3266ED751B9549C700C8D8E3 /* NSObject+FRBlock.m */ = {isa = PBXFileReference; fileEncoding = 4; lastKnownFileType = sourcecode.c.objc; path = "NSObject+FRBlock.m"; sourceTree = "<group>"; };
		3266ED771B9549C700C8D8E3 /* NSString+FRAttributedString.h */ = {isa = PBXFileReference; fileEncoding = 4; lastKnownFileType = sourcecode.c.h; path = "NSString+FRAttributedString.h"; sourceTree = "<group>"; };
		3266ED781B9549C700C8D8E3 /* NSString+FRAttributedString.m */ = {isa = PBXFileReference; fileEncoding = 4; lastKnownFileType = sourcecode.c.objc; path = "NSString+FRAttributedString.m"; sourceTree = "<group>"; };
		3266ED791B9549C700C8D8E3 /* NSString+FRSize.h */ = {isa = PBXFileReference; fileEncoding = 4; lastKnownFileType = sourcecode.c.h; path = "NSString+FRSize.h"; sourceTree = "<group>"; };
		3266ED7A1B9549C700C8D8E3 /* NSString+FRSize.m */ = {isa = PBXFileReference; fileEncoding = 4; lastKnownFileType = sourcecode.c.objc; path = "NSString+FRSize.m"; sourceTree = "<group>"; };
		3266ED7B1B9549C700C8D8E3 /* NSString+Utils.h */ = {isa = PBXFileReference; fileEncoding = 4; lastKnownFileType = sourcecode.c.h; path = "NSString+Utils.h"; sourceTree = "<group>"; };
		3266ED7C1B9549C700C8D8E3 /* NSString+Utils.m */ = {isa = PBXFileReference; fileEncoding = 4; lastKnownFileType = sourcecode.c.objc; path = "NSString+Utils.m"; sourceTree = "<group>"; };
		3266ED7E1B9549C700C8D8E3 /* UIView+FRImage.h */ = {isa = PBXFileReference; fileEncoding = 4; lastKnownFileType = sourcecode.c.h; path = "UIView+FRImage.h"; sourceTree = "<group>"; };
		3266ED7F1B9549C700C8D8E3 /* UIView+FRImage.m */ = {isa = PBXFileReference; fileEncoding = 4; lastKnownFileType = sourcecode.c.objc; path = "UIView+FRImage.m"; sourceTree = "<group>"; };
		3266ED801B9549C700C8D8E3 /* UIView+FRLayout.h */ = {isa = PBXFileReference; fileEncoding = 4; lastKnownFileType = sourcecode.c.h; path = "UIView+FRLayout.h"; sourceTree = "<group>"; };
		3266ED811B9549C700C8D8E3 /* UIView+FRLayout.m */ = {isa = PBXFileReference; fileEncoding = 4; lastKnownFileType = sourcecode.c.objc; path = "UIView+FRLayout.m"; sourceTree = "<group>"; };
		3266ED821B9549C700C8D8E3 /* UIView+FRProgressHUD.h */ = {isa = PBXFileReference; fileEncoding = 4; lastKnownFileType = sourcecode.c.h; path = "UIView+FRProgressHUD.h"; sourceTree = "<group>"; };
		3266ED831B9549C700C8D8E3 /* UIView+FRProgressHUD.m */ = {isa = PBXFileReference; fileEncoding = 4; lastKnownFileType = sourcecode.c.objc; path = "UIView+FRProgressHUD.m"; sourceTree = "<group>"; };
		3266ED841B9549C700C8D8E3 /* UIView+FRTouchBlock.h */ = {isa = PBXFileReference; fileEncoding = 4; lastKnownFileType = sourcecode.c.h; path = "UIView+FRTouchBlock.h"; sourceTree = "<group>"; };
		3266ED851B9549C700C8D8E3 /* UIView+FRTouchBlock.m */ = {isa = PBXFileReference; fileEncoding = 4; lastKnownFileType = sourcecode.c.objc; path = "UIView+FRTouchBlock.m"; sourceTree = "<group>"; };
		3266ED871B9549C700C8D8E3 /* UIViewController+FRCustomNavigationBarItem.h */ = {isa = PBXFileReference; fileEncoding = 4; lastKnownFileType = sourcecode.c.h; path = "UIViewController+FRCustomNavigationBarItem.h"; sourceTree = "<group>"; };
		3266ED881B9549C700C8D8E3 /* UIViewController+FRCustomNavigationBarItem.m */ = {isa = PBXFileReference; fileEncoding = 4; lastKnownFileType = sourcecode.c.objc; path = "UIViewController+FRCustomNavigationBarItem.m"; sourceTree = "<group>"; };
		3266ED891B9549C700C8D8E3 /* UIViewController+FRProgressHUD.h */ = {isa = PBXFileReference; fileEncoding = 4; lastKnownFileType = sourcecode.c.h; path = "UIViewController+FRProgressHUD.h"; sourceTree = "<group>"; };
		3266ED8A1B9549C700C8D8E3 /* UIViewController+FRProgressHUD.m */ = {isa = PBXFileReference; fileEncoding = 4; lastKnownFileType = sourcecode.c.objc; path = "UIViewController+FRProgressHUD.m"; sourceTree = "<group>"; };
		3266ED8B1B9549C700C8D8E3 /* FRDemoTableViewController.h */ = {isa = PBXFileReference; fileEncoding = 4; lastKnownFileType = sourcecode.c.h; path = FRDemoTableViewController.h; sourceTree = "<group>"; };
		3266ED8C1B9549C700C8D8E3 /* FRDemoTableViewController.m */ = {isa = PBXFileReference; fileEncoding = 4; lastKnownFileType = sourcecode.c.objc; path = FRDemoTableViewController.m; sourceTree = "<group>"; };
		3266ED8E1B9549C700C8D8E3 /* FRDevice.h */ = {isa = PBXFileReference; fileEncoding = 4; lastKnownFileType = sourcecode.c.h; path = FRDevice.h; sourceTree = "<group>"; };
		3266ED8F1B9549C700C8D8E3 /* FRDevice.m */ = {isa = PBXFileReference; fileEncoding = 4; lastKnownFileType = sourcecode.c.objc; path = FRDevice.m; sourceTree = "<group>"; };
		3266ED911B9549C700C8D8E3 /* FRFlatSegmentedControl.h */ = {isa = PBXFileReference; fileEncoding = 4; lastKnownFileType = sourcecode.c.h; path = FRFlatSegmentedControl.h; sourceTree = "<group>"; };
		3266ED921B9549C700C8D8E3 /* FRFlatSegmentedControl.m */ = {isa = PBXFileReference; fileEncoding = 4; lastKnownFileType = sourcecode.c.objc; path = FRFlatSegmentedControl.m; sourceTree = "<group>"; };
		3266ED941B9549C700C8D8E3 /* FRGridItemIndexPath.h */ = {isa = PBXFileReference; fileEncoding = 4; lastKnownFileType = sourcecode.c.h; path = FRGridItemIndexPath.h; sourceTree = "<group>"; };
		3266ED951B9549C700C8D8E3 /* FRGridItemIndexPath.m */ = {isa = PBXFileReference; fileEncoding = 4; lastKnownFileType = sourcecode.c.objc; path = FRGridItemIndexPath.m; sourceTree = "<group>"; };
		3266ED961B9549C700C8D8E3 /* FRGridView.h */ = {isa = PBXFileReference; fileEncoding = 4; lastKnownFileType = sourcecode.c.h; path = FRGridView.h; sourceTree = "<group>"; };
		3266ED971B9549C700C8D8E3 /* FRGridView.m */ = {isa = PBXFileReference; fileEncoding = 4; lastKnownFileType = sourcecode.c.objc; path = FRGridView.m; sourceTree = "<group>"; };
		3266ED981B9549C700C8D8E3 /* FRGridViewItem.h */ = {isa = PBXFileReference; fileEncoding = 4; lastKnownFileType = sourcecode.c.h; path = FRGridViewItem.h; sourceTree = "<group>"; };
		3266ED991B9549C700C8D8E3 /* FRGridViewItem.m */ = {isa = PBXFileReference; fileEncoding = 4; lastKnownFileType = sourcecode.c.objc; path = FRGridViewItem.m; sourceTree = "<group>"; };
		3266ED9B1B9549C700C8D8E3 /* FRFileCache.h */ = {isa = PBXFileReference; fileEncoding = 4; lastKnownFileType = sourcecode.c.h; path = FRFileCache.h; sourceTree = "<group>"; };
		3266ED9C1B9549C700C8D8E3 /* FRFileCache.m */ = {isa = PBXFileReference; fileEncoding = 4; lastKnownFileType = sourcecode.c.objc; path = FRFileCache.m; sourceTree = "<group>"; };
		3266ED9D1B9549C700C8D8E3 /* FRFileManager.h */ = {isa = PBXFileReference; fileEncoding = 4; lastKnownFileType = sourcecode.c.h; path = FRFileManager.h; sourceTree = "<group>"; };
		3266ED9E1B9549C700C8D8E3 /* FRFileManager.m */ = {isa = PBXFileReference; fileEncoding = 4; lastKnownFileType = sourcecode.c.objc; path = FRFileManager.m; sourceTree = "<group>"; };
		3266ED9F1B9549C700C8D8E3 /* FRPersistenceUtils.h */ = {isa = PBXFileReference; fileEncoding = 4; lastKnownFileType = sourcecode.c.h; path = FRPersistenceUtils.h; sourceTree = "<group>"; };
		3266EDA01B9549C700C8D8E3 /* FRPersistenceUtils.m */ = {isa = PBXFileReference; fileEncoding = 4; lastKnownFileType = sourcecode.c.objc; path = FRPersistenceUtils.m; sourceTree = "<group>"; };
		3266EDA21B9549C700C8D8E3 /* FRChatCacheManager.h */ = {isa = PBXFileReference; fileEncoding = 4; lastKnownFileType = sourcecode.c.h; path = FRChatCacheManager.h; sourceTree = "<group>"; };
		3266EDA31B9549C700C8D8E3 /* FRChatCacheManager.m */ = {isa = PBXFileReference; fileEncoding = 4; lastKnownFileType = sourcecode.c.objc; path = FRChatCacheManager.m; sourceTree = "<group>"; };
		3266EDA41B9549C700C8D8E3 /* FRChatViewController.h */ = {isa = PBXFileReference; fileEncoding = 4; lastKnownFileType = sourcecode.c.h; path = FRChatViewController.h; sourceTree = "<group>"; };
		3266EDA51B9549C700C8D8E3 /* FRChatViewController.m */ = {isa = PBXFileReference; fileEncoding = 4; lastKnownFileType = sourcecode.c.objc; path = FRChatViewController.m; sourceTree = "<group>"; };
		3266EDA61B9549C700C8D8E3 /* FRSendMessageViewController.h */ = {isa = PBXFileReference; fileEncoding = 4; lastKnownFileType = sourcecode.c.h; path = FRSendMessageViewController.h; sourceTree = "<group>"; };
		3266EDA71B9549C700C8D8E3 /* FRSendMessageViewController.m */ = {isa = PBXFileReference; fileEncoding = 4; lastKnownFileType = sourcecode.c.objc; path = FRSendMessageViewController.m; sourceTree = "<group>"; };
		3266EDA91B9549C700C8D8E3 /* SendTextViewBkg@2x.png */ = {isa = PBXFileReference; lastKnownFileType = image.png; path = "SendTextViewBkg@2x.png"; sourceTree = "<group>"; };
		3266EDAB1B9549C700C8D8E3 /* FRTextFieldTableViewCell.h */ = {isa = PBXFileReference; fileEncoding = 4; lastKnownFileType = sourcecode.c.h; path = FRTextFieldTableViewCell.h; sourceTree = "<group>"; };
		3266EDAC1B9549C700C8D8E3 /* FRTextFieldTableViewCell.m */ = {isa = PBXFileReference; fileEncoding = 4; lastKnownFileType = sourcecode.c.objc; path = FRTextFieldTableViewCell.m; sourceTree = "<group>"; };
		3266EDAD1B9549C700C8D8E3 /* FRTextViewTableViewCell.h */ = {isa = PBXFileReference; fileEncoding = 4; lastKnownFileType = sourcecode.c.h; path = FRTextViewTableViewCell.h; sourceTree = "<group>"; };
		3266EDAE1B9549C700C8D8E3 /* FRTextViewTableViewCell.m */ = {isa = PBXFileReference; fileEncoding = 4; lastKnownFileType = sourcecode.c.objc; path = FRTextViewTableViewCell.m; sourceTree = "<group>"; };
		3266EDDE1B954A4700C8D8E3 /* Firerage-Prefix.pch */ = {isa = PBXFileReference; fileEncoding = 4; lastKnownFileType = sourcecode.c.h; path = "Firerage-Prefix.pch"; sourceTree = "<group>"; };
		3266EDF41B954E6F00C8D8E3 /* Reachability.h */ = {isa = PBXFileReference; fileEncoding = 4; lastKnownFileType = sourcecode.c.h; path = Reachability.h; sourceTree = "<group>"; };
		3266EDF51B954E6F00C8D8E3 /* Reachability.m */ = {isa = PBXFileReference; fileEncoding = 4; lastKnownFileType = sourcecode.c.objc; path = Reachability.m; sourceTree = "<group>"; };
		3266EDFA1B95549A00C8D8E3 /* FRHttpHostUtils.h */ = {isa = PBXFileReference; fileEncoding = 4; lastKnownFileType = sourcecode.c.h; path = FRHttpHostUtils.h; sourceTree = "<group>"; };
		3266EDFB1B95549A00C8D8E3 /* FRHttpHostUtils.m */ = {isa = PBXFileReference; fileEncoding = 4; lastKnownFileType = sourcecode.c.objc; path = FRHttpHostUtils.m; sourceTree = "<group>"; };
		3266EDFC1B95549A00C8D8E3 /* FRHttpRequestUtils.h */ = {isa = PBXFileReference; fileEncoding = 4; lastKnownFileType = sourcecode.c.h; path = FRHttpRequestUtils.h; sourceTree = "<group>"; };
		3266EDFD1B95549A00C8D8E3 /* FRHttpRequestUtils.m */ = {isa = PBXFileReference; fileEncoding = 4; lastKnownFileType = sourcecode.c.objc; path = FRHttpRequestUtils.m; sourceTree = "<group>"; };
		3DBFCB769672F7D25DAA9096 /* libPods-Firerage.a */ = {isa = PBXFileReference; explicitFileType = archive.ar; includeInIndex = 0; path = "libPods-Firerage.a"; sourceTree = BUILT_PRODUCTS_DIR; };
		B0141A81245D3194073BB4A0 /* Pods-Firerage.debug.xcconfig */ = {isa = PBXFileReference; includeInIndex = 1; lastKnownFileType = text.xcconfig; name = "Pods-Firerage.debug.xcconfig"; path = "Pods/Target Support Files/Pods-Firerage/Pods-Firerage.debug.xcconfig"; sourceTree = "<group>"; };
/* End PBXFileReference section */

/* Begin PBXFrameworksBuildPhase section */
		3266ED0D1B9547AD00C8D8E3 /* Frameworks */ = {
			isa = PBXFrameworksBuildPhase;
			buildActionMask = 2147483647;
			files = (
				1C38B6477425E0A0F4C02215 /* libPods-Firerage.a in Frameworks */,
			);
			runOnlyForDeploymentPostprocessing = 0;
		};
		3266ED261B9547AD00C8D8E3 /* Frameworks */ = {
			isa = PBXFrameworksBuildPhase;
			buildActionMask = 2147483647;
			files = (
			);
			runOnlyForDeploymentPostprocessing = 0;
		};
/* End PBXFrameworksBuildPhase section */

/* Begin PBXGroup section */
		1350EA6C1B99C0FB00516184 /* Button */ = {
			isa = PBXGroup;
			children = (
				1350EA6D1B99C11700516184 /* UIButton+FRUtils.h */,
				1350EA6E1B99C11700516184 /* UIButton+FRUtils.m */,
			);
			path = Button;
			sourceTree = "<group>";
		};
		3266ED071B9547AD00C8D8E3 = {
			isa = PBXGroup;
			children = (
				3266ED121B9547AD00C8D8E3 /* Firerage */,
				3266ED2C1B9547AD00C8D8E3 /* FirerageTests */,
				3266ED111B9547AD00C8D8E3 /* Products */,
				4E5201EE6BCCE8BE20CF7039 /* Pods */,
				F70067C4F07E2ECC0C4D7C1E /* Frameworks */,
			);
			sourceTree = "<group>";
		};
		3266ED111B9547AD00C8D8E3 /* Products */ = {
			isa = PBXGroup;
			children = (
				3266ED101B9547AD00C8D8E3 /* Firerage.app */,
				3266ED291B9547AD00C8D8E3 /* FirerageTests.xctest */,
			);
			name = Products;
			sourceTree = "<group>";
		};
		3266ED121B9547AD00C8D8E3 /* Firerage */ = {
			isa = PBXGroup;
			children = (
				3266ED171B9547AD00C8D8E3 /* AppDelegate.h */,
				3266ED181B9547AD00C8D8E3 /* AppDelegate.m */,
				3266ED8B1B9549C700C8D8E3 /* FRDemoTableViewController.h */,
				3266ED8C1B9549C700C8D8E3 /* FRDemoTableViewController.m */,
				3266EDF71B95549A00C8D8E3 /* NetworkingModule */,
				3266ED391B9549C700C8D8E3 /* Demos */,
				3266ED481B9549C700C8D8E3 /* FRBanner */,
				3266ED4D1B9549C700C8D8E3 /* FRCameraUtils */,
				3266ED501B9549C700C8D8E3 /* FRCategories */,
				3266ED8D1B9549C700C8D8E3 /* FRDevice */,
				3266ED901B9549C700C8D8E3 /* FRFlatSegmentedControl */,
				3266ED931B9549C700C8D8E3 /* FRGridView */,
				3266ED9A1B9549C700C8D8E3 /* FRPersistenceUtils */,
				3266EDA11B9549C700C8D8E3 /* FRSendMessageViewController */,
				3266EDAA1B9549C700C8D8E3 /* FRTableViewCell */,
				3266ED131B9547AD00C8D8E3 /* Supporting Files */,
			);
			path = Firerage;
			sourceTree = "<group>";
		};
		3266ED131B9547AD00C8D8E3 /* Supporting Files */ = {
			isa = PBXGroup;
			children = (
				3266EDDE1B954A4700C8D8E3 /* Firerage-Prefix.pch */,
				3266ED1D1B9547AD00C8D8E3 /* Main.storyboard */,
				3266ED201B9547AD00C8D8E3 /* Images.xcassets */,
				3266ED221B9547AD00C8D8E3 /* LaunchScreen.xib */,
				3266ED141B9547AD00C8D8E3 /* Info.plist */,
				3266ED151B9547AD00C8D8E3 /* main.m */,
			);
			name = "Supporting Files";
			sourceTree = "<group>";
		};
		3266ED2C1B9547AD00C8D8E3 /* FirerageTests */ = {
			isa = PBXGroup;
			children = (
				3266ED2F1B9547AD00C8D8E3 /* FirerageTests.m */,
				3266ED2D1B9547AD00C8D8E3 /* Supporting Files */,
			);
			path = FirerageTests;
			sourceTree = "<group>";
		};
		3266ED2D1B9547AD00C8D8E3 /* Supporting Files */ = {
			isa = PBXGroup;
			children = (
				3266ED2E1B9547AD00C8D8E3 /* Info.plist */,
			);
			name = "Supporting Files";
			sourceTree = "<group>";
		};
		3266ED391B9549C700C8D8E3 /* Demos */ = {
			isa = PBXGroup;
			children = (
				3266ED3A1B9549C700C8D8E3 /* FRBootstrapButtonDemoViewController.h */,
				3266ED3B1B9549C700C8D8E3 /* FRBootstrapButtonDemoViewController.m */,
				3266ED3C1B9549C700C8D8E3 /* FRChatViewControllerDemoViewController.h */,
				3266ED3D1B9549C700C8D8E3 /* FRChatViewControllerDemoViewController.m */,
				3266ED3E1B9549C700C8D8E3 /* FRFRBannerViewDemoViewController.h */,
				3266ED3F1B9549C700C8D8E3 /* FRFRBannerViewDemoViewController.m */,
				3266ED421B9549C700C8D8E3 /* FRGridViewDemoViewController.h */,
				3266ED431B9549C700C8D8E3 /* FRGridViewDemoViewController.m */,
				3266ED441B9549C700C8D8E3 /* FRNavigationMenuDemoViewController.h */,
				3266ED451B9549C700C8D8E3 /* FRNavigationMenuDemoViewController.m */,
				3266ED461B9549C700C8D8E3 /* FRUser.h */,
				3266ED471B9549C700C8D8E3 /* FRUser.m */,
			);
			path = Demos;
			sourceTree = "<group>";
		};
		3266ED481B9549C700C8D8E3 /* FRBanner */ = {
			isa = PBXGroup;
			children = (
				3266ED491B9549C700C8D8E3 /* FRBannerItem.h */,
				3266ED4A1B9549C700C8D8E3 /* FRBannerItem.m */,
				3266ED4B1B9549C700C8D8E3 /* FRBannerView.h */,
				3266ED4C1B9549C700C8D8E3 /* FRBannerView.m */,
			);
			path = FRBanner;
			sourceTree = "<group>";
		};
		3266ED4D1B9549C700C8D8E3 /* FRCameraUtils */ = {
			isa = PBXGroup;
			children = (
				3266ED4E1B9549C700C8D8E3 /* FRCameraUtils.h */,
				3266ED4F1B9549C700C8D8E3 /* FRCameraUtils.m */,
			);
			path = FRCameraUtils;
			sourceTree = "<group>";
		};
		3266ED501B9549C700C8D8E3 /* FRCategories */ = {
			isa = PBXGroup;
			children = (
				1350EA6C1B99C0FB00516184 /* Button */,
				3266ED511B9549C700C8D8E3 /* ActionSheet */,
				3266ED541B9549C700C8D8E3 /* AlertView */,
				3266ED571B9549C700C8D8E3 /* Array */,
				3266ED5A1B9549C700C8D8E3 /* Color */,
				3266ED5D1B9549C700C8D8E3 /* Control */,
				3266ED601B9549C700C8D8E3 /* Date */,
				3266ED631B9549C700C8D8E3 /* Foundation */,
				3266ED661B9549C700C8D8E3 /* Image */,
				3266ED6D1B9549C700C8D8E3 /* ImageView */,
				3266ED701B9549C700C8D8E3 /* Label */,
				3266ED731B9549C700C8D8E3 /* Object */,
				3266ED761B9549C700C8D8E3 /* String */,
				3266ED7D1B9549C700C8D8E3 /* View */,
				3266ED861B9549C700C8D8E3 /* ViewController */,
			);
			path = FRCategories;
			sourceTree = "<group>";
		};
		3266ED511B9549C700C8D8E3 /* ActionSheet */ = {
			isa = PBXGroup;
			children = (
				3266ED521B9549C700C8D8E3 /* UIActionSheet+FRUtils.h */,
				3266ED531B9549C700C8D8E3 /* UIActionSheet+FRUtils.m */,
			);
			path = ActionSheet;
			sourceTree = "<group>";
		};
		3266ED541B9549C700C8D8E3 /* AlertView */ = {
			isa = PBXGroup;
			children = (
				3266ED551B9549C700C8D8E3 /* UIAlertView+FRUtils.h */,
				3266ED561B9549C700C8D8E3 /* UIAlertView+FRUtils.m */,
			);
			path = AlertView;
			sourceTree = "<group>";
		};
		3266ED571B9549C700C8D8E3 /* Array */ = {
			isa = PBXGroup;
			children = (
				3266ED581B9549C700C8D8E3 /* NSArray+FRUtils.h */,
				3266ED591B9549C700C8D8E3 /* NSArray+FRUtils.m */,
			);
			path = Array;
			sourceTree = "<group>";
		};
		3266ED5A1B9549C700C8D8E3 /* Color */ = {
			isa = PBXGroup;
			children = (
				3266ED5B1B9549C700C8D8E3 /* UIColor+FRUtils.h */,
				3266ED5C1B9549C700C8D8E3 /* UIColor+FRUtils.m */,
			);
			path = Color;
			sourceTree = "<group>";
		};
		3266ED5D1B9549C700C8D8E3 /* Control */ = {
			isa = PBXGroup;
			children = (
				3266ED5E1B9549C700C8D8E3 /* UIControl+FRUtils.h */,
				3266ED5F1B9549C700C8D8E3 /* UIControl+FRUtils.m */,
			);
			path = Control;
			sourceTree = "<group>";
		};
		3266ED601B9549C700C8D8E3 /* Date */ = {
			isa = PBXGroup;
			children = (
				3266ED611B9549C700C8D8E3 /* NSDate+FRUtils.h */,
				3266ED621B9549C700C8D8E3 /* NSDate+FRUtils.m */,
			);
			path = Date;
			sourceTree = "<group>";
		};
		3266ED631B9549C700C8D8E3 /* Foundation */ = {
			isa = PBXGroup;
			children = (
				3266ED641B9549C700C8D8E3 /* NSNull+FRUtils.h */,
				3266ED651B9549C700C8D8E3 /* NSNull+FRUtils.m */,
			);
			path = Foundation;
			sourceTree = "<group>";
		};
		3266ED661B9549C700C8D8E3 /* Image */ = {
			isa = PBXGroup;
			children = (
				3266ED671B9549C700C8D8E3 /* UIImage+FRColor.h */,
				3266ED681B9549C700C8D8E3 /* UIImage+FRColor.m */,
				3266ED691B9549C700C8D8E3 /* UIImage+FRCrop.h */,
				3266ED6A1B9549C700C8D8E3 /* UIImage+FRCrop.m */,
				3266ED6B1B9549C700C8D8E3 /* UIImage+FRTint.h */,
				3266ED6C1B9549C700C8D8E3 /* UIImage+FRTint.m */,
			);
			path = Image;
			sourceTree = "<group>";
		};
		3266ED6D1B9549C700C8D8E3 /* ImageView */ = {
			isa = PBXGroup;
			children = (
				1350EA691B99B7DE00516184 /* UIImageView+FRUtils.h */,
				1350EA6A1B99B7DE00516184 /* UIImageView+FRUtils.m */,
			);
			path = ImageView;
			sourceTree = "<group>";
		};
		3266ED701B9549C700C8D8E3 /* Label */ = {
			isa = PBXGroup;
			children = (
				3266ED711B9549C700C8D8E3 /* UILabel+FRUtils.h */,
				3266ED721B9549C700C8D8E3 /* UILabel+FRUtils.m */,
			);
			path = Label;
			sourceTree = "<group>";
		};
		3266ED731B9549C700C8D8E3 /* Object */ = {
			isa = PBXGroup;
			children = (
				3266ED741B9549C700C8D8E3 /* NSObject+FRBlock.h */,
				3266ED751B9549C700C8D8E3 /* NSObject+FRBlock.m */,
			);
			path = Object;
			sourceTree = "<group>";
		};
		3266ED761B9549C700C8D8E3 /* String */ = {
			isa = PBXGroup;
			children = (
				3266ED771B9549C700C8D8E3 /* NSString+FRAttributedString.h */,
				3266ED781B9549C700C8D8E3 /* NSString+FRAttributedString.m */,
				3266ED791B9549C700C8D8E3 /* NSString+FRSize.h */,
				3266ED7A1B9549C700C8D8E3 /* NSString+FRSize.m */,
				3266ED7B1B9549C700C8D8E3 /* NSString+Utils.h */,
				3266ED7C1B9549C700C8D8E3 /* NSString+Utils.m */,
			);
			path = String;
			sourceTree = "<group>";
		};
		3266ED7D1B9549C700C8D8E3 /* View */ = {
			isa = PBXGroup;
			children = (
				3266ED7E1B9549C700C8D8E3 /* UIView+FRImage.h */,
				3266ED7F1B9549C700C8D8E3 /* UIView+FRImage.m */,
				3266ED801B9549C700C8D8E3 /* UIView+FRLayout.h */,
				3266ED811B9549C700C8D8E3 /* UIView+FRLayout.m */,
				3266ED821B9549C700C8D8E3 /* UIView+FRProgressHUD.h */,
				3266ED831B9549C700C8D8E3 /* UIView+FRProgressHUD.m */,
				3266ED841B9549C700C8D8E3 /* UIView+FRTouchBlock.h */,
				3266ED851B9549C700C8D8E3 /* UIView+FRTouchBlock.m */,
			);
			path = View;
			sourceTree = "<group>";
		};
		3266ED861B9549C700C8D8E3 /* ViewController */ = {
			isa = PBXGroup;
			children = (
				3266ED871B9549C700C8D8E3 /* UIViewController+FRCustomNavigationBarItem.h */,
				3266ED881B9549C700C8D8E3 /* UIViewController+FRCustomNavigationBarItem.m */,
				3266ED891B9549C700C8D8E3 /* UIViewController+FRProgressHUD.h */,
				3266ED8A1B9549C700C8D8E3 /* UIViewController+FRProgressHUD.m */,
			);
			path = ViewController;
			sourceTree = "<group>";
		};
		3266ED8D1B9549C700C8D8E3 /* FRDevice */ = {
			isa = PBXGroup;
			children = (
				3266ED8E1B9549C700C8D8E3 /* FRDevice.h */,
				3266ED8F1B9549C700C8D8E3 /* FRDevice.m */,
			);
			path = FRDevice;
			sourceTree = "<group>";
		};
		3266ED901B9549C700C8D8E3 /* FRFlatSegmentedControl */ = {
			isa = PBXGroup;
			children = (
				3266ED911B9549C700C8D8E3 /* FRFlatSegmentedControl.h */,
				3266ED921B9549C700C8D8E3 /* FRFlatSegmentedControl.m */,
			);
			path = FRFlatSegmentedControl;
			sourceTree = "<group>";
		};
		3266ED931B9549C700C8D8E3 /* FRGridView */ = {
			isa = PBXGroup;
			children = (
				3266ED941B9549C700C8D8E3 /* FRGridItemIndexPath.h */,
				3266ED951B9549C700C8D8E3 /* FRGridItemIndexPath.m */,
				3266ED961B9549C700C8D8E3 /* FRGridView.h */,
				3266ED971B9549C700C8D8E3 /* FRGridView.m */,
				3266ED981B9549C700C8D8E3 /* FRGridViewItem.h */,
				3266ED991B9549C700C8D8E3 /* FRGridViewItem.m */,
			);
			path = FRGridView;
			sourceTree = "<group>";
		};
		3266ED9A1B9549C700C8D8E3 /* FRPersistenceUtils */ = {
			isa = PBXGroup;
			children = (
				3266ED9B1B9549C700C8D8E3 /* FRFileCache.h */,
				3266ED9C1B9549C700C8D8E3 /* FRFileCache.m */,
				3266ED9D1B9549C700C8D8E3 /* FRFileManager.h */,
				3266ED9E1B9549C700C8D8E3 /* FRFileManager.m */,
				3266ED9F1B9549C700C8D8E3 /* FRPersistenceUtils.h */,
				3266EDA01B9549C700C8D8E3 /* FRPersistenceUtils.m */,
			);
			path = FRPersistenceUtils;
			sourceTree = "<group>";
		};
		3266EDA11B9549C700C8D8E3 /* FRSendMessageViewController */ = {
			isa = PBXGroup;
			children = (
				3266EDA21B9549C700C8D8E3 /* FRChatCacheManager.h */,
				3266EDA31B9549C700C8D8E3 /* FRChatCacheManager.m */,
				3266EDA41B9549C700C8D8E3 /* FRChatViewController.h */,
				3266EDA51B9549C700C8D8E3 /* FRChatViewController.m */,
				3266EDA61B9549C700C8D8E3 /* FRSendMessageViewController.h */,
				3266EDA71B9549C700C8D8E3 /* FRSendMessageViewController.m */,
				3266EDA81B9549C700C8D8E3 /* Images */,
			);
			path = FRSendMessageViewController;
			sourceTree = "<group>";
		};
		3266EDA81B9549C700C8D8E3 /* Images */ = {
			isa = PBXGroup;
			children = (
				3266EDA91B9549C700C8D8E3 /* SendTextViewBkg@2x.png */,
			);
			path = Images;
			sourceTree = "<group>";
		};
		3266EDAA1B9549C700C8D8E3 /* FRTableViewCell */ = {
			isa = PBXGroup;
			children = (
				3266EDAB1B9549C700C8D8E3 /* FRTextFieldTableViewCell.h */,
				3266EDAC1B9549C700C8D8E3 /* FRTextFieldTableViewCell.m */,
				3266EDAD1B9549C700C8D8E3 /* FRTextViewTableViewCell.h */,
				3266EDAE1B9549C700C8D8E3 /* FRTextViewTableViewCell.m */,
			);
			path = FRTableViewCell;
			sourceTree = "<group>";
		};
		3266EDF21B954E6F00C8D8E3 /* Vendor */ = {
			isa = PBXGroup;
			children = (
				3266EDF31B954E6F00C8D8E3 /* Reachability */,
			);
			path = Vendor;
			sourceTree = "<group>";
		};
		3266EDF31B954E6F00C8D8E3 /* Reachability */ = {
			isa = PBXGroup;
			children = (
				3266EDF41B954E6F00C8D8E3 /* Reachability.h */,
				3266EDF51B954E6F00C8D8E3 /* Reachability.m */,
			);
			path = Reachability;
			sourceTree = "<group>";
		};
		3266EDF71B95549A00C8D8E3 /* NetworkingModule */ = {
			isa = PBXGroup;
			children = (
				3266EDFA1B95549A00C8D8E3 /* FRHttpHostUtils.h */,
				3266EDFB1B95549A00C8D8E3 /* FRHttpHostUtils.m */,
				3266EDFC1B95549A00C8D8E3 /* FRHttpRequestUtils.h */,
				3266EDFD1B95549A00C8D8E3 /* FRHttpRequestUtils.m */,
			);
			path = NetworkingModule;
			sourceTree = "<group>";
		};
		4E5201EE6BCCE8BE20CF7039 /* Pods */ = {
			isa = PBXGroup;
			children = (
				B0141A81245D3194073BB4A0 /* Pods-Firerage.debug.xcconfig */,
				20891822A3CF209504405330 /* Pods-Firerage.release.xcconfig */,
			);
			name = Pods;
			sourceTree = "<group>";
		};
		F70067C4F07E2ECC0C4D7C1E /* Frameworks */ = {
			isa = PBXGroup;
			children = (
				3266EDF21B954E6F00C8D8E3 /* Vendor */,
				3DBFCB769672F7D25DAA9096 /* libPods-Firerage.a */,
			);
			name = Frameworks;
			sourceTree = "<group>";
		};
/* End PBXGroup section */

/* Begin PBXNativeTarget section */
		3266ED0F1B9547AD00C8D8E3 /* Firerage */ = {
			isa = PBXNativeTarget;
			buildConfigurationList = 3266ED331B9547AD00C8D8E3 /* Build configuration list for PBXNativeTarget "Firerage" */;
			buildPhases = (
				F9B315F71EFA0CB6BF31D171 /* Check Pods Manifest.lock */,
				3266ED0C1B9547AD00C8D8E3 /* Sources */,
				3266ED0D1B9547AD00C8D8E3 /* Frameworks */,
				3266ED0E1B9547AD00C8D8E3 /* Resources */,
				44B656DBFC296E021C0B6E8A /* Copy Pods Resources */,
			);
			buildRules = (
			);
			dependencies = (
			);
			name = Firerage;
			productName = Firerage;
			productReference = 3266ED101B9547AD00C8D8E3 /* Firerage.app */;
			productType = "com.apple.product-type.application";
		};
		3266ED281B9547AD00C8D8E3 /* FirerageTests */ = {
			isa = PBXNativeTarget;
			buildConfigurationList = 3266ED361B9547AD00C8D8E3 /* Build configuration list for PBXNativeTarget "FirerageTests" */;
			buildPhases = (
				3266ED251B9547AD00C8D8E3 /* Sources */,
				3266ED261B9547AD00C8D8E3 /* Frameworks */,
				3266ED271B9547AD00C8D8E3 /* Resources */,
			);
			buildRules = (
			);
			dependencies = (
				3266ED2B1B9547AD00C8D8E3 /* PBXTargetDependency */,
			);
			name = FirerageTests;
			productName = FirerageTests;
			productReference = 3266ED291B9547AD00C8D8E3 /* FirerageTests.xctest */;
			productType = "com.apple.product-type.bundle.unit-test";
		};
/* End PBXNativeTarget section */

/* Begin PBXProject section */
		3266ED081B9547AD00C8D8E3 /* Project object */ = {
			isa = PBXProject;
			attributes = {
				CLASSPREFIX = FR;
				LastUpgradeCheck = 0640;
				ORGANIZATIONNAME = Illidan;
				TargetAttributes = {
					3266ED0F1B9547AD00C8D8E3 = {
						CreatedOnToolsVersion = 6.4;
					};
					3266ED281B9547AD00C8D8E3 = {
						CreatedOnToolsVersion = 6.4;
						TestTargetID = 3266ED0F1B9547AD00C8D8E3;
					};
				};
			};
			buildConfigurationList = 3266ED0B1B9547AD00C8D8E3 /* Build configuration list for PBXProject "Firerage" */;
			compatibilityVersion = "Xcode 3.2";
			developmentRegion = English;
			hasScannedForEncodings = 0;
			knownRegions = (
				en,
				Base,
			);
			mainGroup = 3266ED071B9547AD00C8D8E3;
			productRefGroup = 3266ED111B9547AD00C8D8E3 /* Products */;
			projectDirPath = "";
			projectRoot = "";
			targets = (
				3266ED0F1B9547AD00C8D8E3 /* Firerage */,
				3266ED281B9547AD00C8D8E3 /* FirerageTests */,
			);
		};
/* End PBXProject section */

/* Begin PBXResourcesBuildPhase section */
		3266ED0E1B9547AD00C8D8E3 /* Resources */ = {
			isa = PBXResourcesBuildPhase;
			buildActionMask = 2147483647;
			files = (
				3266ED1F1B9547AD00C8D8E3 /* Main.storyboard in Resources */,
				3266EDDB1B9549C700C8D8E3 /* SendTextViewBkg@2x.png in Resources */,
				3266ED241B9547AD00C8D8E3 /* LaunchScreen.xib in Resources */,
				3266ED211B9547AD00C8D8E3 /* Images.xcassets in Resources */,
			);
			runOnlyForDeploymentPostprocessing = 0;
		};
		3266ED271B9547AD00C8D8E3 /* Resources */ = {
			isa = PBXResourcesBuildPhase;
			buildActionMask = 2147483647;
			files = (
			);
			runOnlyForDeploymentPostprocessing = 0;
		};
/* End PBXResourcesBuildPhase section */

/* Begin PBXShellScriptBuildPhase section */
		44B656DBFC296E021C0B6E8A /* Copy Pods Resources */ = {
			isa = PBXShellScriptBuildPhase;
			buildActionMask = 2147483647;
			files = (
			);
			inputPaths = (
			);
			name = "Copy Pods Resources";
			outputPaths = (
			);
			runOnlyForDeploymentPostprocessing = 0;
			shellPath = /bin/sh;
			shellScript = "\"${SRCROOT}/Pods/Target Support Files/Pods-Firerage/Pods-Firerage-resources.sh\"\n";
			showEnvVarsInLog = 0;
		};
		F9B315F71EFA0CB6BF31D171 /* Check Pods Manifest.lock */ = {
			isa = PBXShellScriptBuildPhase;
			buildActionMask = 2147483647;
			files = (
			);
			inputPaths = (
			);
			name = "Check Pods Manifest.lock";
			outputPaths = (
			);
			runOnlyForDeploymentPostprocessing = 0;
			shellPath = /bin/sh;
			shellScript = "diff \"${PODS_ROOT}/../Podfile.lock\" \"${PODS_ROOT}/Manifest.lock\" > /dev/null\nif [[ $? != 0 ]] ; then\n    cat << EOM\nerror: The sandbox is not in sync with the Podfile.lock. Run 'pod install' or update your CocoaPods installation.\nEOM\n    exit 1\nfi\n";
			showEnvVarsInLog = 0;
		};
/* End PBXShellScriptBuildPhase section */

/* Begin PBXSourcesBuildPhase section */
		3266ED0C1B9547AD00C8D8E3 /* Sources */ = {
			isa = PBXSourcesBuildPhase;
			buildActionMask = 2147483647;
			files = (
				3266EDCE1B9549C700C8D8E3 /* UIViewController+FRProgressHUD.m in Sources */,
				3266EDB41B9549C700C8D8E3 /* FRNavigationMenuDemoViewController.m in Sources */,
				3266EDCB1B9549C700C8D8E3 /* UIView+FRProgressHUD.m in Sources */,
				3266EDAF1B9549C700C8D8E3 /* FRBootstrapButtonDemoViewController.m in Sources */,
				3266EDC51B9549C700C8D8E3 /* NSObject+FRBlock.m in Sources */,
				3266EDC11B9549C700C8D8E3 /* UIImage+FRCrop.m in Sources */,
				3266EDBF1B9549C700C8D8E3 /* NSNull+FRUtils.m in Sources */,
				3266EDC61B9549C700C8D8E3 /* NSString+FRAttributedString.m in Sources */,
				1350EA6F1B99C11700516184 /* UIButton+FRUtils.m in Sources */,
				3266ED191B9547AD00C8D8E3 /* AppDelegate.m in Sources */,
				3266EDB31B9549C700C8D8E3 /* FRGridViewDemoViewController.m in Sources */,
				3266EDC91B9549C700C8D8E3 /* UIView+FRImage.m in Sources */,
				3266EDB81B9549C700C8D8E3 /* FRCameraUtils.m in Sources */,
				3266EDD71B9549C700C8D8E3 /* FRPersistenceUtils.m in Sources */,
				3266EDBB1B9549C700C8D8E3 /* NSArray+FRUtils.m in Sources */,
				3266EDCD1B9549C700C8D8E3 /* UIViewController+FRCustomNavigationBarItem.m in Sources */,
				3266EDF61B954E6F00C8D8E3 /* Reachability.m in Sources */,
				3266EDC01B9549C700C8D8E3 /* UIImage+FRColor.m in Sources */,
				3266EDBE1B9549C700C8D8E3 /* NSDate+FRUtils.m in Sources */,
				3266EDD11B9549C700C8D8E3 /* FRFlatSegmentedControl.m in Sources */,
				3266EDD51B9549C700C8D8E3 /* FRFileCache.m in Sources */,
				3266EDBD1B9549C700C8D8E3 /* UIControl+FRUtils.m in Sources */,
				3266EE001B95549A00C8D8E3 /* FRHttpRequestUtils.m in Sources */,
				3266EDB71B9549C700C8D8E3 /* FRBannerView.m in Sources */,
				3266EDB11B9549C700C8D8E3 /* FRFRBannerViewDemoViewController.m in Sources */,
				3266EDCF1B9549C700C8D8E3 /* FRDemoTableViewController.m in Sources */,
				1350EA6B1B99B7DE00516184 /* UIImageView+FRUtils.m in Sources */,
				3266EDC21B9549C700C8D8E3 /* UIImage+FRTint.m in Sources */,
				3266EDB01B9549C700C8D8E3 /* FRChatViewControllerDemoViewController.m in Sources */,
				3266EDDC1B9549C700C8D8E3 /* FRTextFieldTableViewCell.m in Sources */,
				3266EDC71B9549C700C8D8E3 /* NSString+FRSize.m in Sources */,
				3266EDD01B9549C700C8D8E3 /* FRDevice.m in Sources */,
				3266EDBA1B9549C700C8D8E3 /* UIAlertView+FRUtils.m in Sources */,
				3266EDDD1B9549C700C8D8E3 /* FRTextViewTableViewCell.m in Sources */,
				3266EDDA1B9549C700C8D8E3 /* FRSendMessageViewController.m in Sources */,
				3266EDD91B9549C700C8D8E3 /* FRChatViewController.m in Sources */,
				3266EDD21B9549C700C8D8E3 /* FRGridItemIndexPath.m in Sources */,
				3266EDB91B9549C700C8D8E3 /* UIActionSheet+FRUtils.m in Sources */,
				3266EDB51B9549C700C8D8E3 /* FRUser.m in Sources */,
				3266EDD31B9549C700C8D8E3 /* FRGridView.m in Sources */,
				3266EDFF1B95549A00C8D8E3 /* FRHttpHostUtils.m in Sources */,
				3266EDCA1B9549C700C8D8E3 /* UIView+FRLayout.m in Sources */,
				3266EDCC1B9549C700C8D8E3 /* UIView+FRTouchBlock.m in Sources */,
				3266EDD61B9549C700C8D8E3 /* FRFileManager.m in Sources */,
				3266EDBC1B9549C700C8D8E3 /* UIColor+FRUtils.m in Sources */,
				3266EDD81B9549C700C8D8E3 /* FRChatCacheManager.m in Sources */,
				3266EDD41B9549C700C8D8E3 /* FRGridViewItem.m in Sources */,
				3266EDB61B9549C700C8D8E3 /* FRBannerItem.m in Sources */,
				3266EDC41B9549C700C8D8E3 /* UILabel+FRUtils.m in Sources */,
				3266ED161B9547AD00C8D8E3 /* main.m in Sources */,
				3266EDC81B9549C700C8D8E3 /* NSString+Utils.m in Sources */,
			);
			runOnlyForDeploymentPostprocessing = 0;
		};
		3266ED251B9547AD00C8D8E3 /* Sources */ = {
			isa = PBXSourcesBuildPhase;
			buildActionMask = 2147483647;
			files = (
				3266ED301B9547AD00C8D8E3 /* FirerageTests.m in Sources */,
			);
			runOnlyForDeploymentPostprocessing = 0;
		};
/* End PBXSourcesBuildPhase section */

/* Begin PBXTargetDependency section */
		3266ED2B1B9547AD00C8D8E3 /* PBXTargetDependency */ = {
			isa = PBXTargetDependency;
			target = 3266ED0F1B9547AD00C8D8E3 /* Firerage */;
			targetProxy = 3266ED2A1B9547AD00C8D8E3 /* PBXContainerItemProxy */;
		};
/* End PBXTargetDependency section */

/* Begin PBXVariantGroup section */
		3266ED1D1B9547AD00C8D8E3 /* Main.storyboard */ = {
			isa = PBXVariantGroup;
			children = (
				3266ED1E1B9547AD00C8D8E3 /* Base */,
			);
			name = Main.storyboard;
			sourceTree = "<group>";
		};
		3266ED221B9547AD00C8D8E3 /* LaunchScreen.xib */ = {
			isa = PBXVariantGroup;
			children = (
				3266ED231B9547AD00C8D8E3 /* Base */,
			);
			name = LaunchScreen.xib;
			sourceTree = "<group>";
		};
/* End PBXVariantGroup section */

/* Begin XCBuildConfiguration section */
		3266ED311B9547AD00C8D8E3 /* Debug */ = {
			isa = XCBuildConfiguration;
			buildSettings = {
				ALWAYS_SEARCH_USER_PATHS = NO;
				CLANG_CXX_LANGUAGE_STANDARD = "gnu++0x";
				CLANG_CXX_LIBRARY = "libc++";
				CLANG_ENABLE_MODULES = YES;
				CLANG_ENABLE_OBJC_ARC = YES;
				CLANG_WARN_BOOL_CONVERSION = YES;
				CLANG_WARN_CONSTANT_CONVERSION = YES;
				CLANG_WARN_DIRECT_OBJC_ISA_USAGE = YES_ERROR;
				CLANG_WARN_EMPTY_BODY = YES;
				CLANG_WARN_ENUM_CONVERSION = YES;
				CLANG_WARN_INT_CONVERSION = YES;
				CLANG_WARN_OBJC_ROOT_CLASS = YES_ERROR;
				CLANG_WARN_UNREACHABLE_CODE = YES;
				CLANG_WARN__DUPLICATE_METHOD_MATCH = YES;
				"CODE_SIGN_IDENTITY[sdk=iphoneos*]" = "iPhone Developer";
				COPY_PHASE_STRIP = NO;
				DEBUG_INFORMATION_FORMAT = "dwarf-with-dsym";
				ENABLE_STRICT_OBJC_MSGSEND = YES;
				GCC_C_LANGUAGE_STANDARD = gnu99;
				GCC_DYNAMIC_NO_PIC = NO;
				GCC_NO_COMMON_BLOCKS = YES;
				GCC_OPTIMIZATION_LEVEL = 0;
				GCC_PREPROCESSOR_DEFINITIONS = (
					"DEBUG=1",
					"$(inherited)",
				);
				GCC_SYMBOLS_PRIVATE_EXTERN = NO;
				GCC_WARN_64_TO_32_BIT_CONVERSION = YES;
				GCC_WARN_ABOUT_RETURN_TYPE = YES_ERROR;
				GCC_WARN_UNDECLARED_SELECTOR = YES;
				GCC_WARN_UNINITIALIZED_AUTOS = YES_AGGRESSIVE;
				GCC_WARN_UNUSED_FUNCTION = YES;
				GCC_WARN_UNUSED_VARIABLE = YES;
				IPHONEOS_DEPLOYMENT_TARGET = 7.0;
				MTL_ENABLE_DEBUG_INFO = YES;
				ONLY_ACTIVE_ARCH = YES;
				SDKROOT = iphoneos;
				TARGETED_DEVICE_FAMILY = "1,2";
			};
			name = Debug;
		};
		3266ED321B9547AD00C8D8E3 /* Release */ = {
			isa = XCBuildConfiguration;
			buildSettings = {
				ALWAYS_SEARCH_USER_PATHS = NO;
				CLANG_CXX_LANGUAGE_STANDARD = "gnu++0x";
				CLANG_CXX_LIBRARY = "libc++";
				CLANG_ENABLE_MODULES = YES;
				CLANG_ENABLE_OBJC_ARC = YES;
				CLANG_WARN_BOOL_CONVERSION = YES;
				CLANG_WARN_CONSTANT_CONVERSION = YES;
				CLANG_WARN_DIRECT_OBJC_ISA_USAGE = YES_ERROR;
				CLANG_WARN_EMPTY_BODY = YES;
				CLANG_WARN_ENUM_CONVERSION = YES;
				CLANG_WARN_INT_CONVERSION = YES;
				CLANG_WARN_OBJC_ROOT_CLASS = YES_ERROR;
				CLANG_WARN_UNREACHABLE_CODE = YES;
				CLANG_WARN__DUPLICATE_METHOD_MATCH = YES;
				"CODE_SIGN_IDENTITY[sdk=iphoneos*]" = "iPhone Developer";
				COPY_PHASE_STRIP = NO;
				DEBUG_INFORMATION_FORMAT = "dwarf-with-dsym";
				ENABLE_NS_ASSERTIONS = NO;
				ENABLE_STRICT_OBJC_MSGSEND = YES;
				GCC_C_LANGUAGE_STANDARD = gnu99;
				GCC_NO_COMMON_BLOCKS = YES;
				GCC_WARN_64_TO_32_BIT_CONVERSION = YES;
				GCC_WARN_ABOUT_RETURN_TYPE = YES_ERROR;
				GCC_WARN_UNDECLARED_SELECTOR = YES;
				GCC_WARN_UNINITIALIZED_AUTOS = YES_AGGRESSIVE;
				GCC_WARN_UNUSED_FUNCTION = YES;
				GCC_WARN_UNUSED_VARIABLE = YES;
				IPHONEOS_DEPLOYMENT_TARGET = 7.0;
				MTL_ENABLE_DEBUG_INFO = NO;
				SDKROOT = iphoneos;
				TARGETED_DEVICE_FAMILY = "1,2";
				VALIDATE_PRODUCT = YES;
			};
			name = Release;
		};
		3266ED341B9547AD00C8D8E3 /* Debug */ = {
			isa = XCBuildConfiguration;
			baseConfigurationReference = B0141A81245D3194073BB4A0 /* Pods-Firerage.debug.xcconfig */;
			buildSettings = {
				ASSETCATALOG_COMPILER_APPICON_NAME = AppIcon;
				GCC_PREFIX_HEADER = "Firerage/Firerage-Prefix.pch";
				INFOPLIST_FILE = Firerage/Info.plist;
				LD_RUNPATH_SEARCH_PATHS = "$(inherited) @executable_path/Frameworks";
				PRODUCT_NAME = "$(TARGET_NAME)";
			};
			name = Debug;
		};
		3266ED351B9547AD00C8D8E3 /* Release */ = {
			isa = XCBuildConfiguration;
			baseConfigurationReference = 20891822A3CF209504405330 /* Pods-Firerage.release.xcconfig */;
			buildSettings = {
				ASSETCATALOG_COMPILER_APPICON_NAME = AppIcon;
				GCC_PREFIX_HEADER = "Firerage/Firerage-Prefix.pch";
				INFOPLIST_FILE = Firerage/Info.plist;
				LD_RUNPATH_SEARCH_PATHS = "$(inherited) @executable_path/Frameworks";
				PRODUCT_NAME = "$(TARGET_NAME)";
			};
			name = Release;
		};
		3266ED371B9547AD00C8D8E3 /* Debug */ = {
			isa = XCBuildConfiguration;
			buildSettings = {
				BUNDLE_LOADER = "$(TEST_HOST)";
				FRAMEWORK_SEARCH_PATHS = (
					"$(SDKROOT)/Developer/Library/Frameworks",
					"$(inherited)",
				);
				GCC_PREPROCESSOR_DEFINITIONS = (
					"DEBUG=1",
					"$(inherited)",
				);
				INFOPLIST_FILE = FirerageTests/Info.plist;
				LD_RUNPATH_SEARCH_PATHS = "$(inherited) @executable_path/Frameworks @loader_path/Frameworks";
				PRODUCT_NAME = "$(TARGET_NAME)";
				TEST_HOST = "$(BUILT_PRODUCTS_DIR)/Firerage.app/Firerage";
			};
			name = Debug;
		};
		3266ED381B9547AD00C8D8E3 /* Release */ = {
			isa = XCBuildConfiguration;
			buildSettings = {
				BUNDLE_LOADER = "$(TEST_HOST)";
				FRAMEWORK_SEARCH_PATHS = (
					"$(SDKROOT)/Developer/Library/Frameworks",
					"$(inherited)",
				);
				INFOPLIST_FILE = FirerageTests/Info.plist;
				LD_RUNPATH_SEARCH_PATHS = "$(inherited) @executable_path/Frameworks @loader_path/Frameworks";
				PRODUCT_NAME = "$(TARGET_NAME)";
				TEST_HOST = "$(BUILT_PRODUCTS_DIR)/Firerage.app/Firerage";
			};
			name = Release;
		};
/* End XCBuildConfiguration section */

/* Begin XCConfigurationList section */
		3266ED0B1B9547AD00C8D8E3 /* Build configuration list for PBXProject "Firerage" */ = {
			isa = XCConfigurationList;
			buildConfigurations = (
				3266ED311B9547AD00C8D8E3 /* Debug */,
				3266ED321B9547AD00C8D8E3 /* Release */,
			);
			defaultConfigurationIsVisible = 0;
			defaultConfigurationName = Release;
		};
		3266ED331B9547AD00C8D8E3 /* Build configuration list for PBXNativeTarget "Firerage" */ = {
			isa = XCConfigurationList;
			buildConfigurations = (
				3266ED341B9547AD00C8D8E3 /* Debug */,
				3266ED351B9547AD00C8D8E3 /* Release */,
			);
			defaultConfigurationIsVisible = 0;
			defaultConfigurationName = Release;
		};
		3266ED361B9547AD00C8D8E3 /* Build configuration list for PBXNativeTarget "FirerageTests" */ = {
			isa = XCConfigurationList;
			buildConfigurations = (
				3266ED371B9547AD00C8D8E3 /* Debug */,
				3266ED381B9547AD00C8D8E3 /* Release */,
			);
			defaultConfigurationIsVisible = 0;
			defaultConfigurationName = Release;
		};
/* End XCConfigurationList section */
	};
	rootObject = 3266ED081B9547AD00C8D8E3 /* Project object */;
}
